
Microsoft Visual Studio Solution File, Format Version 12.00
# Visual Studio 15
VisualStudioVersion = 15.0.26228.9
MinimumVisualStudioVersion = 10.0.40219.1
Project("{2150E333-8FDC-42A3-9474-1A3956D46DE8}") = "src", "src", "{9BDC16D7-7C2E-4387-82D9-0043C630D5FB}"
EndProject
Project("{2150E333-8FDC-42A3-9474-1A3956D46DE8}") = "Solution Items", "Solution Items", "{484FB7BE-C673-4369-B93D-D11CCB25C359}"
	ProjectSection(SolutionItems) = preProject
		.gitignore = .gitignore
		.travis.yml = .travis.yml
		_goals.shade = _goals.shade
		appveyor.yml = appveyor.yml
		build.cmd = build.cmd
		build\build.csproj = build\build.csproj
		build.ps1 = build.ps1
		build.sh = build.sh
		build\common.props = build\common.props
		GitVersion.yml = GitVersion.yml
		NuGet.Config = NuGet.Config
		README.md = README.md
		version.props = version.props
	EndProjectSection
	ProjectSection(FolderGlobals) = preProject
		global_1json__JSONSchema = http://json.schemastore.org/global
	EndProjectSection
EndProject
Project("{2150E333-8FDC-42A3-9474-1A3956D46DE8}") = "test", "test", "{6542D5E3-3CF8-4E0B-AE55-6E6B8A044993}"
EndProject
Project("{2150E333-8FDC-42A3-9474-1A3956D46DE8}") = "integration", "integration", "{F31E7481-B6F1-4A59-89B5-92CE0C3754FD}"
EndProject
Project("{9A19103F-16F7-4668-BE54-9A1E7A4F7556}") = "chatle", "src\chatle\chatle.csproj", "{148ECCF8-46F0-4FF9-9465-FF09538F4091}"
EndProject
Project("{9A19103F-16F7-4668-BE54-9A1E7A4F7556}") = "chatle.test", "test\chatle.test\chatle.test.csproj", "{3CD74F78-03DA-4509-A240-520B83BE873D}"
EndProject
Project("{9A19103F-16F7-4668-BE54-9A1E7A4F7556}") = "ChatLe.Repository", "src\ChatLe.Repository\ChatLe.Repository.csproj", "{A9750428-BF89-4C11-A7FC-B6001C00CFC8}"
EndProject
Project("{9A19103F-16F7-4668-BE54-9A1E7A4F7556}") = "ChatLe.Repository.Identity", "src\ChatLe.Repository.Identity\ChatLe.Repository.Identity.csproj", "{C56024F4-6A06-4EA9-BC05-64F9D1AD73B0}"
EndProject
Project("{9A19103F-16F7-4668-BE54-9A1E7A4F7556}") = "ChatLe.Repository.Test", "test\ChatLe.Repository.Test\ChatLe.Repository.Test.csproj", "{69CC8E50-DBE6-415C-A1AD-49893735D74B}"
EndProject
Project("{9A19103F-16F7-4668-BE54-9A1E7A4F7556}") = "integration", "integration\integration.csproj", "{679986E1-A5F9-417B-A5A7-963644A1D5E6}"
EndProject
Project("{9A19103F-16F7-4668-BE54-9A1E7A4F7556}") = "ChatLe.Repository.Identity.SqlServer", "src\ChatLe.Repository.Identity.SqlServer\ChatLe.Repository.Identity.SqlServer.csproj", "{6E97ADF2-44D2-4905-85D5-936AC92EBBA1}"
EndProject
Project("{9A19103F-16F7-4668-BE54-9A1E7A4F7556}") = "ChatLe.Repository.Identity.Sqlite", "src\ChatLe.Repository.Identity.Sqlite\ChatLe.Repository.Identity.Sqlite.csproj", "{22573857-8F40-4DE3-8277-F6E05151B61F}"
EndProject
Project("{9A19103F-16F7-4668-BE54-9A1E7A4F7556}") = "ChatLe.Authentication", "src\ChatLe.Authentication\ChatLe.Authentication.csproj", "{8B940D10-64A7-463A-BE19-E3F3D4E739E4}"
EndProject
Project("{9A19103F-16F7-4668-BE54-9A1E7A4F7556}") = "ChatLe.Repository.Identity.MySql", "src\ChatLe.Repository.Identity.MySql\ChatLe.Repository.Identity.MySql.csproj", "{A39713E8-C2AF-42DF-B13E-17CF381AA56B}"
EndProject
Global
	GlobalSection(SolutionConfigurationPlatforms) = preSolution
		Debug|Any CPU = Debug|Any CPU
		k10|Any CPU = k10|Any CPU
		Log Output|Any CPU = Log Output|Any CPU
		net45|Any CPU = net45|Any CPU
		Release|Any CPU = Release|Any CPU
		Verbose|Any CPU = Verbose|Any CPU
	EndGlobalSection
	GlobalSection(ProjectConfigurationPlatforms) = postSolution
		{148ECCF8-46F0-4FF9-9465-FF09538F4091}.Debug|Any CPU.ActiveCfg = Debug|Any CPU
		{148ECCF8-46F0-4FF9-9465-FF09538F4091}.Debug|Any CPU.Build.0 = Debug|Any CPU
		{148ECCF8-46F0-4FF9-9465-FF09538F4091}.k10|Any CPU.ActiveCfg = Release|Any CPU
		{148ECCF8-46F0-4FF9-9465-FF09538F4091}.k10|Any CPU.Build.0 = Release|Any CPU
		{148ECCF8-46F0-4FF9-9465-FF09538F4091}.Log Output|Any CPU.ActiveCfg = Release|Any CPU
		{148ECCF8-46F0-4FF9-9465-FF09538F4091}.Log Output|Any CPU.Build.0 = Release|Any CPU
		{148ECCF8-46F0-4FF9-9465-FF09538F4091}.net45|Any CPU.ActiveCfg = Release|Any CPU
		{148ECCF8-46F0-4FF9-9465-FF09538F4091}.net45|Any CPU.Build.0 = Release|Any CPU
		{148ECCF8-46F0-4FF9-9465-FF09538F4091}.Release|Any CPU.ActiveCfg = Release|Any CPU
		{148ECCF8-46F0-4FF9-9465-FF09538F4091}.Release|Any CPU.Build.0 = Release|Any CPU
		{148ECCF8-46F0-4FF9-9465-FF09538F4091}.Verbose|Any CPU.ActiveCfg = Release|Any CPU
		{148ECCF8-46F0-4FF9-9465-FF09538F4091}.Verbose|Any CPU.Build.0 = Release|Any CPU
		{3CD74F78-03DA-4509-A240-520B83BE873D}.Debug|Any CPU.ActiveCfg = Debug|Any CPU
		{3CD74F78-03DA-4509-A240-520B83BE873D}.Debug|Any CPU.Build.0 = Debug|Any CPU
		{3CD74F78-03DA-4509-A240-520B83BE873D}.k10|Any CPU.ActiveCfg = Release|Any CPU
		{3CD74F78-03DA-4509-A240-520B83BE873D}.k10|Any CPU.Build.0 = Release|Any CPU
		{3CD74F78-03DA-4509-A240-520B83BE873D}.Log Output|Any CPU.ActiveCfg = Release|Any CPU
		{3CD74F78-03DA-4509-A240-520B83BE873D}.Log Output|Any CPU.Build.0 = Release|Any CPU
		{3CD74F78-03DA-4509-A240-520B83BE873D}.net45|Any CPU.ActiveCfg = Release|Any CPU
		{3CD74F78-03DA-4509-A240-520B83BE873D}.net45|Any CPU.Build.0 = Release|Any CPU
		{3CD74F78-03DA-4509-A240-520B83BE873D}.Release|Any CPU.ActiveCfg = Release|Any CPU
		{3CD74F78-03DA-4509-A240-520B83BE873D}.Release|Any CPU.Build.0 = Release|Any CPU
		{3CD74F78-03DA-4509-A240-520B83BE873D}.Verbose|Any CPU.ActiveCfg = Release|Any CPU
		{3CD74F78-03DA-4509-A240-520B83BE873D}.Verbose|Any CPU.Build.0 = Release|Any CPU
		{A9750428-BF89-4C11-A7FC-B6001C00CFC8}.Debug|Any CPU.ActiveCfg = Debug|Any CPU
		{A9750428-BF89-4C11-A7FC-B6001C00CFC8}.Debug|Any CPU.Build.0 = Debug|Any CPU
		{A9750428-BF89-4C11-A7FC-B6001C00CFC8}.k10|Any CPU.ActiveCfg = Release|Any CPU
		{A9750428-BF89-4C11-A7FC-B6001C00CFC8}.k10|Any CPU.Build.0 = Release|Any CPU
		{A9750428-BF89-4C11-A7FC-B6001C00CFC8}.Log Output|Any CPU.ActiveCfg = Release|Any CPU
		{A9750428-BF89-4C11-A7FC-B6001C00CFC8}.Log Output|Any CPU.Build.0 = Release|Any CPU
		{A9750428-BF89-4C11-A7FC-B6001C00CFC8}.net45|Any CPU.ActiveCfg = Release|Any CPU
		{A9750428-BF89-4C11-A7FC-B6001C00CFC8}.net45|Any CPU.Build.0 = Release|Any CPU
		{A9750428-BF89-4C11-A7FC-B6001C00CFC8}.Release|Any CPU.ActiveCfg = Release|Any CPU
		{A9750428-BF89-4C11-A7FC-B6001C00CFC8}.Release|Any CPU.Build.0 = Release|Any CPU
		{A9750428-BF89-4C11-A7FC-B6001C00CFC8}.Verbose|Any CPU.ActiveCfg = Release|Any CPU
		{A9750428-BF89-4C11-A7FC-B6001C00CFC8}.Verbose|Any CPU.Build.0 = Release|Any CPU
		{C56024F4-6A06-4EA9-BC05-64F9D1AD73B0}.Debug|Any CPU.ActiveCfg = Debug|Any CPU
		{C56024F4-6A06-4EA9-BC05-64F9D1AD73B0}.Debug|Any CPU.Build.0 = Debug|Any CPU
		{C56024F4-6A06-4EA9-BC05-64F9D1AD73B0}.k10|Any CPU.ActiveCfg = Release|Any CPU
		{C56024F4-6A06-4EA9-BC05-64F9D1AD73B0}.k10|Any CPU.Build.0 = Release|Any CPU
		{C56024F4-6A06-4EA9-BC05-64F9D1AD73B0}.Log Output|Any CPU.ActiveCfg = Release|Any CPU
		{C56024F4-6A06-4EA9-BC05-64F9D1AD73B0}.Log Output|Any CPU.Build.0 = Release|Any CPU
		{C56024F4-6A06-4EA9-BC05-64F9D1AD73B0}.net45|Any CPU.ActiveCfg = Release|Any CPU
		{C56024F4-6A06-4EA9-BC05-64F9D1AD73B0}.net45|Any CPU.Build.0 = Release|Any CPU
		{C56024F4-6A06-4EA9-BC05-64F9D1AD73B0}.Release|Any CPU.ActiveCfg = Release|Any CPU
		{C56024F4-6A06-4EA9-BC05-64F9D1AD73B0}.Release|Any CPU.Build.0 = Release|Any CPU
		{C56024F4-6A06-4EA9-BC05-64F9D1AD73B0}.Verbose|Any CPU.ActiveCfg = Release|Any CPU
		{C56024F4-6A06-4EA9-BC05-64F9D1AD73B0}.Verbose|Any CPU.Build.0 = Release|Any CPU
		{69CC8E50-DBE6-415C-A1AD-49893735D74B}.Debug|Any CPU.ActiveCfg = Debug|Any CPU
		{69CC8E50-DBE6-415C-A1AD-49893735D74B}.Debug|Any CPU.Build.0 = Debug|Any CPU
		{69CC8E50-DBE6-415C-A1AD-49893735D74B}.k10|Any CPU.ActiveCfg = Debug|Any CPU
		{69CC8E50-DBE6-415C-A1AD-49893735D74B}.k10|Any CPU.Build.0 = Debug|Any CPU
		{69CC8E50-DBE6-415C-A1AD-49893735D74B}.Log Output|Any CPU.ActiveCfg = Debug|Any CPU
		{69CC8E50-DBE6-415C-A1AD-49893735D74B}.Log Output|Any CPU.Build.0 = Debug|Any CPU
		{69CC8E50-DBE6-415C-A1AD-49893735D74B}.net45|Any CPU.ActiveCfg = Debug|Any CPU
		{69CC8E50-DBE6-415C-A1AD-49893735D74B}.net45|Any CPU.Build.0 = Debug|Any CPU
		{69CC8E50-DBE6-415C-A1AD-49893735D74B}.Release|Any CPU.ActiveCfg = Release|Any CPU
		{69CC8E50-DBE6-415C-A1AD-49893735D74B}.Release|Any CPU.Build.0 = Release|Any CPU
		{69CC8E50-DBE6-415C-A1AD-49893735D74B}.Verbose|Any CPU.ActiveCfg = Debug|Any CPU
		{69CC8E50-DBE6-415C-A1AD-49893735D74B}.Verbose|Any CPU.Build.0 = Debug|Any CPU
		{679986E1-A5F9-417B-A5A7-963644A1D5E6}.Debug|Any CPU.ActiveCfg = Debug|Any CPU
		{679986E1-A5F9-417B-A5A7-963644A1D5E6}.Debug|Any CPU.Build.0 = Debug|Any CPU
		{679986E1-A5F9-417B-A5A7-963644A1D5E6}.k10|Any CPU.ActiveCfg = Debug|Any CPU
		{679986E1-A5F9-417B-A5A7-963644A1D5E6}.k10|Any CPU.Build.0 = Debug|Any CPU
		{679986E1-A5F9-417B-A5A7-963644A1D5E6}.Log Output|Any CPU.ActiveCfg = Debug|Any CPU
		{679986E1-A5F9-417B-A5A7-963644A1D5E6}.Log Output|Any CPU.Build.0 = Debug|Any CPU
		{679986E1-A5F9-417B-A5A7-963644A1D5E6}.net45|Any CPU.ActiveCfg = Debug|Any CPU
		{679986E1-A5F9-417B-A5A7-963644A1D5E6}.net45|Any CPU.Build.0 = Debug|Any CPU
		{679986E1-A5F9-417B-A5A7-963644A1D5E6}.Release|Any CPU.ActiveCfg = Release|Any CPU
		{679986E1-A5F9-417B-A5A7-963644A1D5E6}.Release|Any CPU.Build.0 = Release|Any CPU
		{679986E1-A5F9-417B-A5A7-963644A1D5E6}.Verbose|Any CPU.ActiveCfg = Debug|Any CPU
		{679986E1-A5F9-417B-A5A7-963644A1D5E6}.Verbose|Any CPU.Build.0 = Debug|Any CPU
		{6E97ADF2-44D2-4905-85D5-936AC92EBBA1}.Debug|Any CPU.ActiveCfg = Debug|Any CPU
		{6E97ADF2-44D2-4905-85D5-936AC92EBBA1}.Debug|Any CPU.Build.0 = Debug|Any CPU
		{6E97ADF2-44D2-4905-85D5-936AC92EBBA1}.k10|Any CPU.ActiveCfg = Debug|Any CPU
		{6E97ADF2-44D2-4905-85D5-936AC92EBBA1}.k10|Any CPU.Build.0 = Debug|Any CPU
		{6E97ADF2-44D2-4905-85D5-936AC92EBBA1}.Log Output|Any CPU.ActiveCfg = Debug|Any CPU
		{6E97ADF2-44D2-4905-85D5-936AC92EBBA1}.Log Output|Any CPU.Build.0 = Debug|Any CPU
		{6E97ADF2-44D2-4905-85D5-936AC92EBBA1}.net45|Any CPU.ActiveCfg = Debug|Any CPU
		{6E97ADF2-44D2-4905-85D5-936AC92EBBA1}.net45|Any CPU.Build.0 = Debug|Any CPU
		{6E97ADF2-44D2-4905-85D5-936AC92EBBA1}.Release|Any CPU.ActiveCfg = Release|Any CPU
		{6E97ADF2-44D2-4905-85D5-936AC92EBBA1}.Release|Any CPU.Build.0 = Release|Any CPU
		{6E97ADF2-44D2-4905-85D5-936AC92EBBA1}.Verbose|Any CPU.ActiveCfg = Debug|Any CPU
		{6E97ADF2-44D2-4905-85D5-936AC92EBBA1}.Verbose|Any CPU.Build.0 = Debug|Any CPU
		{22573857-8F40-4DE3-8277-F6E05151B61F}.Debug|Any CPU.ActiveCfg = Debug|Any CPU
		{22573857-8F40-4DE3-8277-F6E05151B61F}.Debug|Any CPU.Build.0 = Debug|Any CPU
		{22573857-8F40-4DE3-8277-F6E05151B61F}.k10|Any CPU.ActiveCfg = Debug|Any CPU
		{22573857-8F40-4DE3-8277-F6E05151B61F}.k10|Any CPU.Build.0 = Debug|Any CPU
		{22573857-8F40-4DE3-8277-F6E05151B61F}.Log Output|Any CPU.ActiveCfg = Debug|Any CPU
		{22573857-8F40-4DE3-8277-F6E05151B61F}.Log Output|Any CPU.Build.0 = Debug|Any CPU
		{22573857-8F40-4DE3-8277-F6E05151B61F}.net45|Any CPU.ActiveCfg = Debug|Any CPU
		{22573857-8F40-4DE3-8277-F6E05151B61F}.net45|Any CPU.Build.0 = Debug|Any CPU
		{22573857-8F40-4DE3-8277-F6E05151B61F}.Release|Any CPU.ActiveCfg = Release|Any CPU
		{22573857-8F40-4DE3-8277-F6E05151B61F}.Release|Any CPU.Build.0 = Release|Any CPU
		{22573857-8F40-4DE3-8277-F6E05151B61F}.Verbose|Any CPU.ActiveCfg = Debug|Any CPU
		{22573857-8F40-4DE3-8277-F6E05151B61F}.Verbose|Any CPU.Build.0 = Debug|Any CPU
		{8B940D10-64A7-463A-BE19-E3F3D4E739E4}.Debug|Any CPU.ActiveCfg = Debug|Any CPU
		{8B940D10-64A7-463A-BE19-E3F3D4E739E4}.Debug|Any CPU.Build.0 = Debug|Any CPU
		{8B940D10-64A7-463A-BE19-E3F3D4E739E4}.k10|Any CPU.ActiveCfg = Debug|Any CPU
		{8B940D10-64A7-463A-BE19-E3F3D4E739E4}.k10|Any CPU.Build.0 = Debug|Any CPU
		{8B940D10-64A7-463A-BE19-E3F3D4E739E4}.Log Output|Any CPU.ActiveCfg = Debug|Any CPU
		{8B940D10-64A7-463A-BE19-E3F3D4E739E4}.Log Output|Any CPU.Build.0 = Debug|Any CPU
		{8B940D10-64A7-463A-BE19-E3F3D4E739E4}.net45|Any CPU.ActiveCfg = Debug|Any CPU
		{8B940D10-64A7-463A-BE19-E3F3D4E739E4}.net45|Any CPU.Build.0 = Debug|Any CPU
		{8B940D10-64A7-463A-BE19-E3F3D4E739E4}.Release|Any CPU.ActiveCfg = Release|Any CPU
		{8B940D10-64A7-463A-BE19-E3F3D4E739E4}.Release|Any CPU.Build.0 = Release|Any CPU
		{8B940D10-64A7-463A-BE19-E3F3D4E739E4}.Verbose|Any CPU.ActiveCfg = Debug|Any CPU
		{8B940D10-64A7-463A-BE19-E3F3D4E739E4}.Verbose|Any CPU.Build.0 = Debug|Any CPU
		{A39713E8-C2AF-42DF-B13E-17CF381AA56B}.Debug|Any CPU.ActiveCfg = Debug|Any CPU
		{A39713E8-C2AF-42DF-B13E-17CF381AA56B}.Debug|Any CPU.Build.0 = Debug|Any CPU
		{A39713E8-C2AF-42DF-B13E-17CF381AA56B}.k10|Any CPU.ActiveCfg = Debug|Any CPU
		{A39713E8-C2AF-42DF-B13E-17CF381AA56B}.k10|Any CPU.Build.0 = Debug|Any CPU
		{A39713E8-C2AF-42DF-B13E-17CF381AA56B}.Log Output|Any CPU.ActiveCfg = Debug|Any CPU
		{A39713E8-C2AF-42DF-B13E-17CF381AA56B}.Log Output|Any CPU.Build.0 = Debug|Any CPU
		{A39713E8-C2AF-42DF-B13E-17CF381AA56B}.net45|Any CPU.ActiveCfg = Debug|Any CPU
		{A39713E8-C2AF-42DF-B13E-17CF381AA56B}.net45|Any CPU.Build.0 = Debug|Any CPU
		{A39713E8-C2AF-42DF-B13E-17CF381AA56B}.Release|Any CPU.ActiveCfg = Release|Any CPU
		{A39713E8-C2AF-42DF-B13E-17CF381AA56B}.Release|Any CPU.Build.0 = Release|Any CPU
		{A39713E8-C2AF-42DF-B13E-17CF381AA56B}.Verbose|Any CPU.ActiveCfg = Debug|Any CPU
		{A39713E8-C2AF-42DF-B13E-17CF381AA56B}.Verbose|Any CPU.Build.0 = Debug|Any CPU
	EndGlobalSection
	GlobalSection(SolutionProperties) = preSolution
		HideSolutionNode = FALSE
	EndGlobalSection
	GlobalSection(NestedProjects) = preSolution
		{148ECCF8-46F0-4FF9-9465-FF09538F4091} = {9BDC16D7-7C2E-4387-82D9-0043C630D5FB}
		{3CD74F78-03DA-4509-A240-520B83BE873D} = {6542D5E3-3CF8-4E0B-AE55-6E6B8A044993}
		{A9750428-BF89-4C11-A7FC-B6001C00CFC8} = {9BDC16D7-7C2E-4387-82D9-0043C630D5FB}
		{C56024F4-6A06-4EA9-BC05-64F9D1AD73B0} = {9BDC16D7-7C2E-4387-82D9-0043C630D5FB}
		{69CC8E50-DBE6-415C-A1AD-49893735D74B} = {6542D5E3-3CF8-4E0B-AE55-6E6B8A044993}
		{679986E1-A5F9-417B-A5A7-963644A1D5E6} = {F31E7481-B6F1-4A59-89B5-92CE0C3754FD}
		{6E97ADF2-44D2-4905-85D5-936AC92EBBA1} = {9BDC16D7-7C2E-4387-82D9-0043C630D5FB}
		{22573857-8F40-4DE3-8277-F6E05151B61F} = {9BDC16D7-7C2E-4387-82D9-0043C630D5FB}
		{8B940D10-64A7-463A-BE19-E3F3D4E739E4} = {9BDC16D7-7C2E-4387-82D9-0043C630D5FB}
		{A39713E8-C2AF-42DF-B13E-17CF381AA56B} = {9BDC16D7-7C2E-4387-82D9-0043C630D5FB}
	EndGlobalSection
EndGlobal
