
Microsoft Visual Studio Solution File, Format Version 12.00
# Visual Studio 14
VisualStudioVersion = 14.0.22512.0
MinimumVisualStudioVersion = 10.0.40219.1
Project("{2150E333-8FDC-42A3-9474-1A3956D46DE8}") = "src", "src", "{9BDC16D7-7C2E-4387-82D9-0043C630D5FB}"
EndProject
Project("{2150E333-8FDC-42A3-9474-1A3956D46DE8}") = "Solution Items", "Solution Items", "{484FB7BE-C673-4369-B93D-D11CCB25C359}"
	ProjectSection(SolutionItems) = preProject
		global.json = global.json
	EndProjectSection
EndProject
Project("{2150E333-8FDC-42A3-9474-1A3956D46DE8}") = "test", "test", "{6542D5E3-3CF8-4E0B-AE55-6E6B8A044993}"
EndProject
Project("{8BB2217D-0F2D-49D1-97BC-3654ED321F3B}") = "chatle", "src\chatle\chatle.kproj", "{148ECCF8-46F0-4FF9-9465-FF09538F4091}"
EndProject
Project("{8BB2217D-0F2D-49D1-97BC-3654ED321F3B}") = "chatle.test", "test\chatle.test\chatle.test.kproj", "{3CD74F78-03DA-4509-A240-520B83BE873D}"
EndProject
Project("{8BB2217D-0F2D-49D1-97BC-3654ED321F3B}") = "ChatLe.Repository", "src\ChatLe.Repository\ChatLe.Repository.kproj", "{A9750428-BF89-4C11-A7FC-B6001C00CFC8}"
EndProject
Project("{8BB2217D-0F2D-49D1-97BC-3654ED321F3B}") = "ChatLe.Repository.Test", "test\ChatLe.Repository.Text\ChatLe.Repository.Test.kproj", "{69CC8E50-DBE6-415C-A1AD-49893735D74B}"
EndProject
Project("{8BB2217D-0F2D-49D1-97BC-3654ED321F3B}") = "ChatLe.Repository.Identity", "src\ChatLe.Repository.Identity\ChatLe.Repository.Identity.kproj", "{C56024F4-6A06-4EA9-BC05-64F9D1AD73B0}"
EndProject
Project("{8BB2217D-0F2D-49D1-97BC-3654ED321F3B}") = "ChatLe.HttpUtility", "src\ChatLe.HttpUtility\ChatLe.HttpUtility.kproj", "{64A22FCF-4566-4C7B-8067-D1435E4E35B8}"
EndProject
Project("{8BB2217D-0F2D-49D1-97BC-3654ED321F3B}") = "ChatLe.Logging", "src\ChatLe.Logging\ChatLe.Logging.kproj", "{BF0FAC90-5CCF-469E-9ADB-E298DE6B7FEA}"
EndProject
Project("{8BB2217D-0F2D-49D1-97BC-3654ED321F3B}") = "EntityFramework.Redis", "src\EntityFramework.Redis\EntityFramework.Redis.kproj", "{6147E1A1-F3CC-4A86-86DB-C3B14C52B366}"
EndProject
Project("{8BB2217D-0F2D-49D1-97BC-3654ED321F3B}") = "ChatLe.FastCGI", "src\ChatLe.FastCGI\ChatLe.FastCGI.kproj", "{341A47C7-A898-42DA-A506-673CFCAF8D89}"
EndProject
Project("{8BB2217D-0F2D-49D1-97BC-3654ED321F3B}") = "ChatLe.Hosting.FastCGI", "src\ChatLe.Hosting.FastCGI\ChatLe.Hosting.FastCGI.kproj", "{C895D692-E36E-4711-92F0-130110242FBF}"
EndProject
Project("{8BB2217D-0F2D-49D1-97BC-3654ED321F3B}") = "ChatLe.Hosting.FastCGI.Test", "test\ChatLe.Hosting.FastCGI.Test\ChatLe.Hosting.FastCGI.Test.kproj", "{D6F2C157-49E2-4DFE-860E-81B91BEFBD14}"
EndProject
Project("{8BB2217D-0F2D-49D1-97BC-3654ED321F3B}") = "Bench", "test\Bench\Bench.kproj", "{C11DFF9D-FC4D-42AE-AFA3-81FBA05A51B7}"
EndProject
Project("{8BB2217D-0F2D-49D1-97BC-3654ED321F3B}") = "Bench.MVC", "test\Bench.MVC\Bench.MVC.kproj", "{81109269-2FCB-4247-B280-0309022F4660}"
EndProject
Project("{8BB2217D-0F2D-49D1-97BC-3654ED321F3B}") = "Bench.Identity", "test\Bench.Identity\Bench.Identity.kproj", "{3964880D-E738-4B6F-B91D-009327615430}"
EndProject
Project("{8BB2217D-0F2D-49D1-97BC-3654ED321F3B}") = "Firefly", "src\firefly\src\main\Firefly\Firefly.kproj", "{BFDED39B-06C8-4462-8739-A7DE9AF305B5}"
EndProject
Global
	GlobalSection(SolutionConfigurationPlatforms) = preSolution
		Debug|Any CPU = Debug|Any CPU
		k10|Any CPU = k10|Any CPU
		net45|Any CPU = net45|Any CPU
		Release|Any CPU = Release|Any CPU
	EndGlobalSection
	GlobalSection(ProjectConfigurationPlatforms) = postSolution
		{148ECCF8-46F0-4FF9-9465-FF09538F4091}.Debug|Any CPU.ActiveCfg = Debug|Any CPU
		{148ECCF8-46F0-4FF9-9465-FF09538F4091}.Debug|Any CPU.Build.0 = Debug|Any CPU
		{148ECCF8-46F0-4FF9-9465-FF09538F4091}.k10|Any CPU.ActiveCfg = Release|Any CPU
		{148ECCF8-46F0-4FF9-9465-FF09538F4091}.k10|Any CPU.Build.0 = Release|Any CPU
		{148ECCF8-46F0-4FF9-9465-FF09538F4091}.net45|Any CPU.ActiveCfg = Release|Any CPU
		{148ECCF8-46F0-4FF9-9465-FF09538F4091}.net45|Any CPU.Build.0 = Release|Any CPU
		{148ECCF8-46F0-4FF9-9465-FF09538F4091}.Release|Any CPU.ActiveCfg = Release|Any CPU
		{148ECCF8-46F0-4FF9-9465-FF09538F4091}.Release|Any CPU.Build.0 = Release|Any CPU
		{3CD74F78-03DA-4509-A240-520B83BE873D}.Debug|Any CPU.ActiveCfg = Debug|Any CPU
		{3CD74F78-03DA-4509-A240-520B83BE873D}.Debug|Any CPU.Build.0 = Debug|Any CPU
		{3CD74F78-03DA-4509-A240-520B83BE873D}.k10|Any CPU.ActiveCfg = Release|Any CPU
		{3CD74F78-03DA-4509-A240-520B83BE873D}.k10|Any CPU.Build.0 = Release|Any CPU
		{3CD74F78-03DA-4509-A240-520B83BE873D}.net45|Any CPU.ActiveCfg = Release|Any CPU
		{3CD74F78-03DA-4509-A240-520B83BE873D}.net45|Any CPU.Build.0 = Release|Any CPU
		{3CD74F78-03DA-4509-A240-520B83BE873D}.Release|Any CPU.ActiveCfg = Release|Any CPU
		{3CD74F78-03DA-4509-A240-520B83BE873D}.Release|Any CPU.Build.0 = Release|Any CPU
		{A9750428-BF89-4C11-A7FC-B6001C00CFC8}.Debug|Any CPU.ActiveCfg = Debug|Any CPU
		{A9750428-BF89-4C11-A7FC-B6001C00CFC8}.Debug|Any CPU.Build.0 = Debug|Any CPU
		{A9750428-BF89-4C11-A7FC-B6001C00CFC8}.k10|Any CPU.ActiveCfg = Release|Any CPU
		{A9750428-BF89-4C11-A7FC-B6001C00CFC8}.k10|Any CPU.Build.0 = Release|Any CPU
		{A9750428-BF89-4C11-A7FC-B6001C00CFC8}.net45|Any CPU.ActiveCfg = Release|Any CPU
		{A9750428-BF89-4C11-A7FC-B6001C00CFC8}.net45|Any CPU.Build.0 = Release|Any CPU
		{A9750428-BF89-4C11-A7FC-B6001C00CFC8}.Release|Any CPU.ActiveCfg = Release|Any CPU
		{A9750428-BF89-4C11-A7FC-B6001C00CFC8}.Release|Any CPU.Build.0 = Release|Any CPU
		{69CC8E50-DBE6-415C-A1AD-49893735D74B}.Debug|Any CPU.ActiveCfg = Debug|Any CPU
		{69CC8E50-DBE6-415C-A1AD-49893735D74B}.Debug|Any CPU.Build.0 = Debug|Any CPU
		{69CC8E50-DBE6-415C-A1AD-49893735D74B}.k10|Any CPU.ActiveCfg = Release|Any CPU
		{69CC8E50-DBE6-415C-A1AD-49893735D74B}.k10|Any CPU.Build.0 = Release|Any CPU
		{69CC8E50-DBE6-415C-A1AD-49893735D74B}.net45|Any CPU.ActiveCfg = Release|Any CPU
		{69CC8E50-DBE6-415C-A1AD-49893735D74B}.net45|Any CPU.Build.0 = Release|Any CPU
		{69CC8E50-DBE6-415C-A1AD-49893735D74B}.Release|Any CPU.ActiveCfg = Release|Any CPU
		{69CC8E50-DBE6-415C-A1AD-49893735D74B}.Release|Any CPU.Build.0 = Release|Any CPU
		{C56024F4-6A06-4EA9-BC05-64F9D1AD73B0}.Debug|Any CPU.ActiveCfg = Debug|Any CPU
		{C56024F4-6A06-4EA9-BC05-64F9D1AD73B0}.Debug|Any CPU.Build.0 = Debug|Any CPU
		{C56024F4-6A06-4EA9-BC05-64F9D1AD73B0}.k10|Any CPU.ActiveCfg = Release|Any CPU
		{C56024F4-6A06-4EA9-BC05-64F9D1AD73B0}.k10|Any CPU.Build.0 = Release|Any CPU
		{C56024F4-6A06-4EA9-BC05-64F9D1AD73B0}.net45|Any CPU.ActiveCfg = Release|Any CPU
		{C56024F4-6A06-4EA9-BC05-64F9D1AD73B0}.net45|Any CPU.Build.0 = Release|Any CPU
		{C56024F4-6A06-4EA9-BC05-64F9D1AD73B0}.Release|Any CPU.ActiveCfg = Release|Any CPU
		{C56024F4-6A06-4EA9-BC05-64F9D1AD73B0}.Release|Any CPU.Build.0 = Release|Any CPU
		{64A22FCF-4566-4C7B-8067-D1435E4E35B8}.Debug|Any CPU.ActiveCfg = Debug|Any CPU
		{64A22FCF-4566-4C7B-8067-D1435E4E35B8}.Debug|Any CPU.Build.0 = Debug|Any CPU
		{64A22FCF-4566-4C7B-8067-D1435E4E35B8}.k10|Any CPU.ActiveCfg = Release|Any CPU
		{64A22FCF-4566-4C7B-8067-D1435E4E35B8}.k10|Any CPU.Build.0 = Release|Any CPU
		{64A22FCF-4566-4C7B-8067-D1435E4E35B8}.net45|Any CPU.ActiveCfg = Release|Any CPU
		{64A22FCF-4566-4C7B-8067-D1435E4E35B8}.net45|Any CPU.Build.0 = Release|Any CPU
		{64A22FCF-4566-4C7B-8067-D1435E4E35B8}.Release|Any CPU.ActiveCfg = Release|Any CPU
		{64A22FCF-4566-4C7B-8067-D1435E4E35B8}.Release|Any CPU.Build.0 = Release|Any CPU
		{BF0FAC90-5CCF-469E-9ADB-E298DE6B7FEA}.Debug|Any CPU.ActiveCfg = Debug|Any CPU
		{BF0FAC90-5CCF-469E-9ADB-E298DE6B7FEA}.Debug|Any CPU.Build.0 = Debug|Any CPU
		{BF0FAC90-5CCF-469E-9ADB-E298DE6B7FEA}.k10|Any CPU.ActiveCfg = Release|Any CPU
		{BF0FAC90-5CCF-469E-9ADB-E298DE6B7FEA}.k10|Any CPU.Build.0 = Release|Any CPU
		{BF0FAC90-5CCF-469E-9ADB-E298DE6B7FEA}.net45|Any CPU.ActiveCfg = Release|Any CPU
		{BF0FAC90-5CCF-469E-9ADB-E298DE6B7FEA}.net45|Any CPU.Build.0 = Release|Any CPU
		{BF0FAC90-5CCF-469E-9ADB-E298DE6B7FEA}.Release|Any CPU.ActiveCfg = Release|Any CPU
		{BF0FAC90-5CCF-469E-9ADB-E298DE6B7FEA}.Release|Any CPU.Build.0 = Release|Any CPU
		{6147E1A1-F3CC-4A86-86DB-C3B14C52B366}.Debug|Any CPU.ActiveCfg = Debug|Any CPU
		{6147E1A1-F3CC-4A86-86DB-C3B14C52B366}.Debug|Any CPU.Build.0 = Debug|Any CPU
		{6147E1A1-F3CC-4A86-86DB-C3B14C52B366}.k10|Any CPU.ActiveCfg = Release|Any CPU
		{6147E1A1-F3CC-4A86-86DB-C3B14C52B366}.k10|Any CPU.Build.0 = Release|Any CPU
		{6147E1A1-F3CC-4A86-86DB-C3B14C52B366}.net45|Any CPU.ActiveCfg = Release|Any CPU
		{6147E1A1-F3CC-4A86-86DB-C3B14C52B366}.net45|Any CPU.Build.0 = Release|Any CPU
		{6147E1A1-F3CC-4A86-86DB-C3B14C52B366}.Release|Any CPU.ActiveCfg = Release|Any CPU
		{6147E1A1-F3CC-4A86-86DB-C3B14C52B366}.Release|Any CPU.Build.0 = Release|Any CPU
		{341A47C7-A898-42DA-A506-673CFCAF8D89}.Debug|Any CPU.ActiveCfg = Debug|Any CPU
		{341A47C7-A898-42DA-A506-673CFCAF8D89}.Debug|Any CPU.Build.0 = Debug|Any CPU
		{341A47C7-A898-42DA-A506-673CFCAF8D89}.k10|Any CPU.ActiveCfg = Release|Any CPU
		{341A47C7-A898-42DA-A506-673CFCAF8D89}.k10|Any CPU.Build.0 = Release|Any CPU
		{341A47C7-A898-42DA-A506-673CFCAF8D89}.net45|Any CPU.ActiveCfg = Release|Any CPU
		{341A47C7-A898-42DA-A506-673CFCAF8D89}.net45|Any CPU.Build.0 = Release|Any CPU
		{341A47C7-A898-42DA-A506-673CFCAF8D89}.Release|Any CPU.ActiveCfg = Release|Any CPU
		{341A47C7-A898-42DA-A506-673CFCAF8D89}.Release|Any CPU.Build.0 = Release|Any CPU
		{C895D692-E36E-4711-92F0-130110242FBF}.Debug|Any CPU.ActiveCfg = Debug|Any CPU
		{C895D692-E36E-4711-92F0-130110242FBF}.Debug|Any CPU.Build.0 = Debug|Any CPU
		{C895D692-E36E-4711-92F0-130110242FBF}.k10|Any CPU.ActiveCfg = Release|Any CPU
		{C895D692-E36E-4711-92F0-130110242FBF}.k10|Any CPU.Build.0 = Release|Any CPU
		{C895D692-E36E-4711-92F0-130110242FBF}.net45|Any CPU.ActiveCfg = Release|Any CPU
		{C895D692-E36E-4711-92F0-130110242FBF}.net45|Any CPU.Build.0 = Release|Any CPU
		{C895D692-E36E-4711-92F0-130110242FBF}.Release|Any CPU.ActiveCfg = Release|Any CPU
		{C895D692-E36E-4711-92F0-130110242FBF}.Release|Any CPU.Build.0 = Release|Any CPU
		{D6F2C157-49E2-4DFE-860E-81B91BEFBD14}.Debug|Any CPU.ActiveCfg = Debug|Any CPU
		{D6F2C157-49E2-4DFE-860E-81B91BEFBD14}.Debug|Any CPU.Build.0 = Debug|Any CPU
		{D6F2C157-49E2-4DFE-860E-81B91BEFBD14}.k10|Any CPU.ActiveCfg = Release|Any CPU
		{D6F2C157-49E2-4DFE-860E-81B91BEFBD14}.k10|Any CPU.Build.0 = Release|Any CPU
		{D6F2C157-49E2-4DFE-860E-81B91BEFBD14}.net45|Any CPU.ActiveCfg = Release|Any CPU
		{D6F2C157-49E2-4DFE-860E-81B91BEFBD14}.net45|Any CPU.Build.0 = Release|Any CPU
		{D6F2C157-49E2-4DFE-860E-81B91BEFBD14}.Release|Any CPU.ActiveCfg = Release|Any CPU
		{D6F2C157-49E2-4DFE-860E-81B91BEFBD14}.Release|Any CPU.Build.0 = Release|Any CPU
		{C11DFF9D-FC4D-42AE-AFA3-81FBA05A51B7}.Debug|Any CPU.ActiveCfg = Debug|Any CPU
		{C11DFF9D-FC4D-42AE-AFA3-81FBA05A51B7}.Debug|Any CPU.Build.0 = Debug|Any CPU
		{C11DFF9D-FC4D-42AE-AFA3-81FBA05A51B7}.k10|Any CPU.ActiveCfg = Debug|Any CPU
		{C11DFF9D-FC4D-42AE-AFA3-81FBA05A51B7}.k10|Any CPU.Build.0 = Debug|Any CPU
		{C11DFF9D-FC4D-42AE-AFA3-81FBA05A51B7}.net45|Any CPU.ActiveCfg = Debug|Any CPU
		{C11DFF9D-FC4D-42AE-AFA3-81FBA05A51B7}.net45|Any CPU.Build.0 = Debug|Any CPU
		{C11DFF9D-FC4D-42AE-AFA3-81FBA05A51B7}.Release|Any CPU.ActiveCfg = Release|Any CPU
		{C11DFF9D-FC4D-42AE-AFA3-81FBA05A51B7}.Release|Any CPU.Build.0 = Release|Any CPU
		{81109269-2FCB-4247-B280-0309022F4660}.Debug|Any CPU.ActiveCfg = Debug|Any CPU
		{81109269-2FCB-4247-B280-0309022F4660}.Debug|Any CPU.Build.0 = Debug|Any CPU
		{81109269-2FCB-4247-B280-0309022F4660}.k10|Any CPU.ActiveCfg = Debug|Any CPU
		{81109269-2FCB-4247-B280-0309022F4660}.k10|Any CPU.Build.0 = Debug|Any CPU
		{81109269-2FCB-4247-B280-0309022F4660}.net45|Any CPU.ActiveCfg = Debug|Any CPU
		{81109269-2FCB-4247-B280-0309022F4660}.net45|Any CPU.Build.0 = Debug|Any CPU
		{81109269-2FCB-4247-B280-0309022F4660}.Release|Any CPU.ActiveCfg = Release|Any CPU
		{81109269-2FCB-4247-B280-0309022F4660}.Release|Any CPU.Build.0 = Release|Any CPU
		{3964880D-E738-4B6F-B91D-009327615430}.Debug|Any CPU.ActiveCfg = Debug|Any CPU
		{3964880D-E738-4B6F-B91D-009327615430}.Debug|Any CPU.Build.0 = Debug|Any CPU
		{3964880D-E738-4B6F-B91D-009327615430}.k10|Any CPU.ActiveCfg = Debug|Any CPU
		{3964880D-E738-4B6F-B91D-009327615430}.k10|Any CPU.Build.0 = Debug|Any CPU
		{3964880D-E738-4B6F-B91D-009327615430}.net45|Any CPU.ActiveCfg = Debug|Any CPU
		{3964880D-E738-4B6F-B91D-009327615430}.net45|Any CPU.Build.0 = Debug|Any CPU
		{3964880D-E738-4B6F-B91D-009327615430}.Release|Any CPU.ActiveCfg = Release|Any CPU
		{3964880D-E738-4B6F-B91D-009327615430}.Release|Any CPU.Build.0 = Release|Any CPU
		{BFDED39B-06C8-4462-8739-A7DE9AF305B5}.Debug|Any CPU.ActiveCfg = Debug|Any CPU
		{BFDED39B-06C8-4462-8739-A7DE9AF305B5}.Debug|Any CPU.Build.0 = Debug|Any CPU
		{BFDED39B-06C8-4462-8739-A7DE9AF305B5}.k10|Any CPU.ActiveCfg = Debug|Any CPU
		{BFDED39B-06C8-4462-8739-A7DE9AF305B5}.k10|Any CPU.Build.0 = Debug|Any CPU
		{BFDED39B-06C8-4462-8739-A7DE9AF305B5}.net45|Any CPU.ActiveCfg = Debug|Any CPU
		{BFDED39B-06C8-4462-8739-A7DE9AF305B5}.net45|Any CPU.Build.0 = Debug|Any CPU
		{BFDED39B-06C8-4462-8739-A7DE9AF305B5}.Release|Any CPU.ActiveCfg = Release|Any CPU
		{BFDED39B-06C8-4462-8739-A7DE9AF305B5}.Release|Any CPU.Build.0 = Release|Any CPU
	EndGlobalSection
	GlobalSection(SolutionProperties) = preSolution
		HideSolutionNode = FALSE
	EndGlobalSection
	GlobalSection(NestedProjects) = preSolution
		{148ECCF8-46F0-4FF9-9465-FF09538F4091} = {9BDC16D7-7C2E-4387-82D9-0043C630D5FB}
		{3CD74F78-03DA-4509-A240-520B83BE873D} = {6542D5E3-3CF8-4E0B-AE55-6E6B8A044993}
		{A9750428-BF89-4C11-A7FC-B6001C00CFC8} = {9BDC16D7-7C2E-4387-82D9-0043C630D5FB}
		{69CC8E50-DBE6-415C-A1AD-49893735D74B} = {6542D5E3-3CF8-4E0B-AE55-6E6B8A044993}
		{C56024F4-6A06-4EA9-BC05-64F9D1AD73B0} = {9BDC16D7-7C2E-4387-82D9-0043C630D5FB}
		{64A22FCF-4566-4C7B-8067-D1435E4E35B8} = {9BDC16D7-7C2E-4387-82D9-0043C630D5FB}
		{BF0FAC90-5CCF-469E-9ADB-E298DE6B7FEA} = {9BDC16D7-7C2E-4387-82D9-0043C630D5FB}
		{6147E1A1-F3CC-4A86-86DB-C3B14C52B366} = {9BDC16D7-7C2E-4387-82D9-0043C630D5FB}
		{341A47C7-A898-42DA-A506-673CFCAF8D89} = {9BDC16D7-7C2E-4387-82D9-0043C630D5FB}
		{C895D692-E36E-4711-92F0-130110242FBF} = {9BDC16D7-7C2E-4387-82D9-0043C630D5FB}
		{D6F2C157-49E2-4DFE-860E-81B91BEFBD14} = {6542D5E3-3CF8-4E0B-AE55-6E6B8A044993}
		{C11DFF9D-FC4D-42AE-AFA3-81FBA05A51B7} = {6542D5E3-3CF8-4E0B-AE55-6E6B8A044993}
		{81109269-2FCB-4247-B280-0309022F4660} = {6542D5E3-3CF8-4E0B-AE55-6E6B8A044993}
		{3964880D-E738-4B6F-B91D-009327615430} = {6542D5E3-3CF8-4E0B-AE55-6E6B8A044993}
		{BFDED39B-06C8-4462-8739-A7DE9AF305B5} = {9BDC16D7-7C2E-4387-82D9-0043C630D5FB}
	EndGlobalSection
EndGlobal
